
Microsoft Visual Studio Solution File, Format Version 12.00
# Visual Studio Version 16
VisualStudioVersion = 16.0.30621.155
MinimumVisualStudioVersion = 10.0.40219.1
Project("{FAE04EC0-301F-11D3-BF4B-00C04F79EFBC}") = "LiveMusicLite", "LiveMusicLite.csproj", "{A893581D-FD0B-405A-8A30-92E065DBAE3E}"
EndProject
Global
	GlobalSection(SolutionConfigurationPlatforms) = preSolution
		Debug|ARM = Debug|ARM
		Debug|ARM64 = Debug|ARM64
		Debug|x64 = Debug|x64
		Debug|x86 = Debug|x86
		Release|ARM = Release|ARM
		Release|ARM64 = Release|ARM64
		Release|x64 = Release|x64
		Release|x86 = Release|x86
	EndGlobalSection
	GlobalSection(ProjectConfigurationPlatforms) = postSolution
		{A893581D-FD0B-405A-8A30-92E065DBAE3E}.Debug|ARM.ActiveCfg = Debug|ARM
		{A893581D-FD0B-405A-8A30-92E065DBAE3E}.Debug|ARM.Build.0 = Debug|ARM
		{A893581D-FD0B-405A-8A30-92E065DBAE3E}.Debug|ARM.Deploy.0 = Debug|ARM
		{A893581D-FD0B-405A-8A30-92E065DBAE3E}.Debug|ARM64.ActiveCfg = Debug|ARM64
		{A893581D-FD0B-405A-8A30-92E065DBAE3E}.Debug|ARM64.Build.0 = Debug|ARM64
		{A893581D-FD0B-405A-8A30-92E065DBAE3E}.Debug|ARM64.Deploy.0 = Debug|ARM64
		{A893581D-FD0B-405A-8A30-92E065DBAE3E}.Debug|x64.ActiveCfg = Debug|x64
		{A893581D-FD0B-405A-8A30-92E065DBAE3E}.Debug|x64.Build.0 = Debug|x64
		{A893581D-FD0B-405A-8A30-92E065DBAE3E}.Debug|x64.Deploy.0 = Debug|x64
		{A893581D-FD0B-405A-8A30-92E065DBAE3E}.Debug|x86.ActiveCfg = Debug|x86
		{A893581D-FD0B-405A-8A30-92E065DBAE3E}.Debug|x86.Build.0 = Debug|x86
		{A893581D-FD0B-405A-8A30-92E065DBAE3E}.Debug|x86.Deploy.0 = Debug|x86
		{A893581D-FD0B-405A-8A30-92E065DBAE3E}.Release|ARM.ActiveCfg = Release|ARM
		{A893581D-FD0B-405A-8A30-92E065DBAE3E}.Release|ARM.Build.0 = Release|ARM
		{A893581D-FD0B-405A-8A30-92E065DBAE3E}.Release|ARM.Deploy.0 = Release|ARM
		{A893581D-FD0B-405A-8A30-92E065DBAE3E}.Release|ARM64.ActiveCfg = Release|ARM64
		{A893581D-FD0B-405A-8A30-92E065DBAE3E}.Release|ARM64.Build.0 = Release|ARM64
		{A893581D-FD0B-405A-8A30-92E065DBAE3E}.Release|ARM64.Deploy.0 = Release|ARM64
		{A893581D-FD0B-405A-8A30-92E065DBAE3E}.Release|x64.ActiveCfg = Release|x64
		{A893581D-FD0B-405A-8A30-92E065DBAE3E}.Release|x64.Build.0 = Release|x64
		{A893581D-FD0B-405A-8A30-92E065DBAE3E}.Release|x64.Deploy.0 = Release|x64
		{A893581D-FD0B-405A-8A30-92E065DBAE3E}.Release|x86.ActiveCfg = Release|x86
		{A893581D-FD0B-405A-8A30-92E065DBAE3E}.Release|x86.Build.0 = Release|x86
		{A893581D-FD0B-405A-8A30-92E065DBAE3E}.Release|x86.Deploy.0 = Release|x86
	EndGlobalSection
	GlobalSection(SolutionProperties) = preSolution
		HideSolutionNode = FALSE
	EndGlobalSection
	GlobalSection(ExtensibilityGlobals) = postSolution
		SolutionGuid = {C318C0AF-4738-4952-8C20-034468042C3B}
	EndGlobalSection
EndGlobal
